
Microsoft Visual Studio Solution File, Format Version 12.00
# Visual Studio 15
VisualStudioVersion = 15.0.28307.168
MinimumVisualStudioVersion = 10.0.40219.1
Project("{FAE04EC0-301F-11D3-BF4B-00C04F79EFBC}") = "CirclePlayer v3", "CirclePlayer v3\CirclePlayer v3.csproj", "{C4982945-E96F-4B82-BF51-BAF97BE2DBBE}"
EndProject
Global
	GlobalSection(SolutionConfigurationPlatforms) = preSolution
		Debug|Any CPU = Debug|Any CPU
		Release|Any CPU = Release|Any CPU
	EndGlobalSection
	GlobalSection(ProjectConfigurationPlatforms) = postSolution
		{C4982945-E96F-4B82-BF51-BAF97BE2DBBE}.Debug|Any CPU.ActiveCfg = Debug|Any CPU
		{C4982945-E96F-4B82-BF51-BAF97BE2DBBE}.Debug|Any CPU.Build.0 = Debug|Any CPU
		{C4982945-E96F-4B82-BF51-BAF97BE2DBBE}.Release|Any CPU.ActiveCfg = Release|Any CPU
		{C4982945-E96F-4B82-BF51-BAF97BE2DBBE}.Release|Any CPU.Build.0 = Release|Any CPU
	EndGlobalSection
	GlobalSection(SolutionProperties) = preSolution
		HideSolutionNode = FALSE
	EndGlobalSection
	GlobalSection(ExtensibilityGlobals) = postSolution
		SolutionGuid = {E4BECACF-C639-428B-901A-E691565AB796}
	EndGlobalSection
EndGlobal
